
Microsoft Visual Studio Solution File, Format Version 12.00
# Visual Studio Version 16
VisualStudioVersion = 16.0.29613.14
MinimumVisualStudioVersion = 10.0.40219.1
Project("{FAE04EC0-301F-11D3-BF4B-00C04F79EFBC}") = "Alan", "Alan.csproj", "{FD2F34AA-24FA-4C05-BBE2-1A0DE0B89123}"
EndProject
Project("{FAE04EC0-301F-11D3-BF4B-00C04F79EFBC}") = "Alan API Wrapper", "..\Alan API Wrapper\Alan API Wrapper.csproj", "{20F53A27-6C8A-479C-B089-FAF473F2AE25}"
EndProject
Global
	GlobalSection(SolutionConfigurationPlatforms) = preSolution
		Debug|Any CPU = Debug|Any CPU
		Debug|x86 = Debug|x86
		Release|Any CPU = Release|Any CPU
		Release|x86 = Release|x86
	EndGlobalSection
	GlobalSection(ProjectConfigurationPlatforms) = postSolution
		{FD2F34AA-24FA-4C05-BBE2-1A0DE0B89123}.Debug|Any CPU.ActiveCfg = Debug|Any CPU
		{FD2F34AA-24FA-4C05-BBE2-1A0DE0B89123}.Debug|Any CPU.Build.0 = Debug|Any CPU
		{FD2F34AA-24FA-4C05-BBE2-1A0DE0B89123}.Debug|x86.ActiveCfg = Debug|x86
		{FD2F34AA-24FA-4C05-BBE2-1A0DE0B89123}.Debug|x86.Build.0 = Debug|x86
		{FD2F34AA-24FA-4C05-BBE2-1A0DE0B89123}.Release|Any CPU.ActiveCfg = Release|Any CPU
		{FD2F34AA-24FA-4C05-BBE2-1A0DE0B89123}.Release|Any CPU.Build.0 = Release|Any CPU
		{FD2F34AA-24FA-4C05-BBE2-1A0DE0B89123}.Release|x86.ActiveCfg = Release|x86
		{FD2F34AA-24FA-4C05-BBE2-1A0DE0B89123}.Release|x86.Build.0 = Release|x86
		{20F53A27-6C8A-479C-B089-FAF473F2AE25}.Debug|Any CPU.ActiveCfg = Debug|Any CPU
		{20F53A27-6C8A-479C-B089-FAF473F2AE25}.Debug|Any CPU.Build.0 = Debug|Any CPU
		{20F53A27-6C8A-479C-B089-FAF473F2AE25}.Debug|x86.ActiveCfg = Debug|Any CPU
		{20F53A27-6C8A-479C-B089-FAF473F2AE25}.Debug|x86.Build.0 = Debug|Any CPU
		{20F53A27-6C8A-479C-B089-FAF473F2AE25}.Release|Any CPU.ActiveCfg = Release|Any CPU
		{20F53A27-6C8A-479C-B089-FAF473F2AE25}.Release|Any CPU.Build.0 = Release|Any CPU
		{20F53A27-6C8A-479C-B089-FAF473F2AE25}.Release|x86.ActiveCfg = Release|Any CPU
		{20F53A27-6C8A-479C-B089-FAF473F2AE25}.Release|x86.Build.0 = Release|Any CPU
	EndGlobalSection
	GlobalSection(SolutionProperties) = preSolution
		HideSolutionNode = FALSE
	EndGlobalSection
	GlobalSection(ExtensibilityGlobals) = postSolution
		SolutionGuid = {739DC95B-4E33-4CC1-ADC8-B99C39273620}
	EndGlobalSection
EndGlobal
